
Microsoft Visual Studio Solution File, Format Version 12.00
# Visual Studio Version 16
VisualStudioVersion = 16.0.30104.148
MinimumVisualStudioVersion = 10.0.40219.1
Project("{FAE04EC0-301F-11D3-BF4B-00C04F79EFBC}") = "Examen1_v1", "Examen1_v1\Examen1_v1.csproj", "{399D3142-0A3C-4EC1-AD82-3168D2DF9319}"
EndProject
Global
	GlobalSection(SolutionConfigurationPlatforms) = preSolution
		Debug|Any CPU = Debug|Any CPU
		Release|Any CPU = Release|Any CPU
	EndGlobalSection
	GlobalSection(ProjectConfigurationPlatforms) = postSolution
		{399D3142-0A3C-4EC1-AD82-3168D2DF9319}.Debug|Any CPU.ActiveCfg = Debug|Any CPU
		{399D3142-0A3C-4EC1-AD82-3168D2DF9319}.Debug|Any CPU.Build.0 = Debug|Any CPU
		{399D3142-0A3C-4EC1-AD82-3168D2DF9319}.Release|Any CPU.ActiveCfg = Release|Any CPU
		{399D3142-0A3C-4EC1-AD82-3168D2DF9319}.Release|Any CPU.Build.0 = Release|Any CPU
	EndGlobalSection
	GlobalSection(SolutionProperties) = preSolution
		HideSolutionNode = FALSE
	EndGlobalSection
	GlobalSection(ExtensibilityGlobals) = postSolution
		SolutionGuid = {0A80B194-461E-40AB-9A45-69F3ABF5C9E0}
	EndGlobalSection
EndGlobal
